
Microsoft Visual Studio Solution File, Format Version 12.00
# Visual Studio Version 16
VisualStudioVersion = 16.0.30309.148
MinimumVisualStudioVersion = 10.0.40219.1
Project("{FAE04EC0-301F-11D3-BF4B-00C04F79EFBC}") = "TeacherDirectory", "TeacherDirectory\TeacherDirectory.csproj", "{99077484-414A-49A9-A704-29FE287EFCED}"
EndProject
Global
	GlobalSection(SolutionConfigurationPlatforms) = preSolution
		Debug|Any CPU = Debug|Any CPU
		Release|Any CPU = Release|Any CPU
	EndGlobalSection
	GlobalSection(ProjectConfigurationPlatforms) = postSolution
		{99077484-414A-49A9-A704-29FE287EFCED}.Debug|Any CPU.ActiveCfg = Debug|Any CPU
		{99077484-414A-49A9-A704-29FE287EFCED}.Debug|Any CPU.Build.0 = Debug|Any CPU
		{99077484-414A-49A9-A704-29FE287EFCED}.Release|Any CPU.ActiveCfg = Release|Any CPU
		{99077484-414A-49A9-A704-29FE287EFCED}.Release|Any CPU.Build.0 = Release|Any CPU
	EndGlobalSection
	GlobalSection(SolutionProperties) = preSolution
		HideSolutionNode = FALSE
	EndGlobalSection
	GlobalSection(ExtensibilityGlobals) = postSolution
		SolutionGuid = {12AACBAE-3605-45C1-974B-9AE050401128}
	EndGlobalSection
EndGlobal
